
Microsoft Visual Studio Solution File, Format Version 12.00
# Visual Studio Version 16
VisualStudioVersion = 16.0.29409.12
MinimumVisualStudioVersion = 10.0.40219.1
Project("{FAE04EC0-301F-11D3-BF4B-00C04F79EFBC}") = "Chatbot.Bot", "Chatbot.Bot\Chatbot.Bot.csproj", "{B83C09D3-B0C1-4302-B25B-8832E47CA4AB}"
EndProject
Global
	GlobalSection(SolutionConfigurationPlatforms) = preSolution
		Debug|Any CPU = Debug|Any CPU
		Release|Any CPU = Release|Any CPU
	EndGlobalSection
	GlobalSection(ProjectConfigurationPlatforms) = postSolution
		{B83C09D3-B0C1-4302-B25B-8832E47CA4AB}.Debug|Any CPU.ActiveCfg = Debug|Any CPU
		{B83C09D3-B0C1-4302-B25B-8832E47CA4AB}.Debug|Any CPU.Build.0 = Debug|Any CPU
		{B83C09D3-B0C1-4302-B25B-8832E47CA4AB}.Release|Any CPU.ActiveCfg = Release|Any CPU
		{B83C09D3-B0C1-4302-B25B-8832E47CA4AB}.Release|Any CPU.Build.0 = Release|Any CPU
	EndGlobalSection
	GlobalSection(SolutionProperties) = preSolution
		HideSolutionNode = FALSE
	EndGlobalSection
	GlobalSection(ExtensibilityGlobals) = postSolution
		SolutionGuid = {3EA8713C-C723-4989-9C9D-467443E1F01B}
	EndGlobalSection
EndGlobal
