
Microsoft Visual Studio Solution File, Format Version 12.00
# Visual Studio Version 16
VisualStudioVersion = 16.0.29409.12
MinimumVisualStudioVersion = 10.0.40219.1
Project("{FAE04EC0-301F-11D3-BF4B-00C04F79EFBC}") = "ConfirmationButton", "ConfirmationButton\ConfirmationButton.csproj", "{C2E574EF-75AC-4449-A0C5-1A45D5E2B2C9}"
EndProject
Global
	GlobalSection(SolutionConfigurationPlatforms) = preSolution
		Debug|Any CPU = Debug|Any CPU
		Release|Any CPU = Release|Any CPU
	EndGlobalSection
	GlobalSection(ProjectConfigurationPlatforms) = postSolution
		{C2E574EF-75AC-4449-A0C5-1A45D5E2B2C9}.Debug|Any CPU.ActiveCfg = Debug|Any CPU
		{C2E574EF-75AC-4449-A0C5-1A45D5E2B2C9}.Debug|Any CPU.Build.0 = Debug|Any CPU
		{C2E574EF-75AC-4449-A0C5-1A45D5E2B2C9}.Release|Any CPU.ActiveCfg = Release|Any CPU
		{C2E574EF-75AC-4449-A0C5-1A45D5E2B2C9}.Release|Any CPU.Build.0 = Release|Any CPU
	EndGlobalSection
	GlobalSection(SolutionProperties) = preSolution
		HideSolutionNode = FALSE
	EndGlobalSection
	GlobalSection(ExtensibilityGlobals) = postSolution
		SolutionGuid = {C1E59659-10C8-43A2-9748-0B836B58A8BF}
	EndGlobalSection
EndGlobal
