
Microsoft Visual Studio Solution File, Format Version 12.00
# Visual Studio Version 16
VisualStudioVersion = 16.0.29409.12
MinimumVisualStudioVersion = 10.0.40219.1
Project("{FAE04EC0-301F-11D3-BF4B-00C04F79EFBC}") = "AttachmentCards", "AttachmentCards\AttachmentCards.csproj", "{648FBF2D-6A43-4426-B17B-FD237C76F3C0}"
EndProject
Global
	GlobalSection(SolutionConfigurationPlatforms) = preSolution
		Debug|Any CPU = Debug|Any CPU
		Release|Any CPU = Release|Any CPU
	EndGlobalSection
	GlobalSection(ProjectConfigurationPlatforms) = postSolution
		{648FBF2D-6A43-4426-B17B-FD237C76F3C0}.Debug|Any CPU.ActiveCfg = Debug|Any CPU
		{648FBF2D-6A43-4426-B17B-FD237C76F3C0}.Debug|Any CPU.Build.0 = Debug|Any CPU
		{648FBF2D-6A43-4426-B17B-FD237C76F3C0}.Release|Any CPU.ActiveCfg = Release|Any CPU
		{648FBF2D-6A43-4426-B17B-FD237C76F3C0}.Release|Any CPU.Build.0 = Release|Any CPU
	EndGlobalSection
	GlobalSection(SolutionProperties) = preSolution
		HideSolutionNode = FALSE
	EndGlobalSection
	GlobalSection(ExtensibilityGlobals) = postSolution
		SolutionGuid = {03FFA538-796F-4E8A-8973-C5F2ECFE92D7}
	EndGlobalSection
EndGlobal
